{
  "nodes": {
    "nixpkgs": {
      "locked": {
        "lastModified": 1720068098,
        "narHash": "sha256-nuRe1MHPIZPnCnRnpFLn+wpYmsuWy5HzrRE6zdpTtPo=",
        "path": "/nix/store/ghrqagg9v0rpj2fyks16m55l02x9irlk-source",
        "rev": "1aacb218f03f16293be0e70af7a9fe9a9608d5d2",
        "type": "path"
      },
      "original": {
        "id": "nixpkgs",
        "type": "indirect"
      }
    },
    "root": {
      "inputs": {
        "nixpkgs": "nixpkgs"
      }
    }
  },
  "root": "root",
  "version": 7
}
