{
  "nodes": {
    "nixpkgs": {
      "locked": {
        "lastModified": 1730458697,
        "narHash": "sha256-mas2WYqAurE+liGZ1q5edm0G1uqqbpcWyMkJwiPmunw=",
        "path": "/nix/store/gwffrvlk0mnan52gn18jl9yz71av5764-source",
        "rev": "1eb9f3dbddd63f9834276ede9ae0487739435057",
        "type": "path"
      },
      "original": {
        "id": "nixpkgs",
        "type": "indirect"
      }
    },
    "root": {
      "inputs": {
        "nixpkgs": "nixpkgs"
      }
    }
  },
  "root": "root",
  "version": 7
}
